Microsoft Visual Studio Solution File, Format Version 12.00
# Visual Studio Version 17
VisualStudioVersion = 17.5.2.0
MinimumVisualStudioVersion = 10.0.40219.1
Project("{FAE04EC0-301F-11D3-BF4B-00C04F79EFBC}") = "OthelloApp.Tests", "OthelloApp.Tests.csproj", "{B01EE91B-5E18-6AA5-DACB-AB0DD1A08A80}"
EndProject
Global
	GlobalSection(SolutionConfigurationPlatforms) = preSolution
		Debug|Any CPU = Debug|Any CPU
		Release|Any CPU = Release|Any CPU
	EndGlobalSection
	GlobalSection(ProjectConfigurationPlatforms) = postSolution
		{B01EE91B-5E18-6AA5-DACB-AB0DD1A08A80}.Debug|Any CPU.ActiveCfg = Debug|Any CPU
		{B01EE91B-5E18-6AA5-DACB-AB0DD1A08A80}.Debug|Any CPU.Build.0 = Debug|Any CPU
		{B01EE91B-5E18-6AA5-DACB-AB0DD1A08A80}.Release|Any CPU.ActiveCfg = Release|Any CPU
		{B01EE91B-5E18-6AA5-DACB-AB0DD1A08A80}.Release|Any CPU.Build.0 = Release|Any CPU
	EndGlobalSection
	GlobalSection(SolutionProperties) = preSolution
		HideSolutionNode = FALSE
	EndGlobalSection
	GlobalSection(ExtensibilityGlobals) = postSolution
		SolutionGuid = {2A850FB5-C040-4016-BC9F-A701012EA8AF}
	EndGlobalSection
EndGlobal
